
Microsoft Visual Studio Solution File, Format Version 12.00
# Visual Studio Version 17
VisualStudioVersion = 17.7.34031.279
MinimumVisualStudioVersion = 10.0.40219.1
Project("{8BC9CEB8-8B4A-11D0-8D11-00A0C91BC942}") = "lab_1", "lab_1\lab_1.vcxproj", "{FDA51935-945F-4CF4-9E36-79C49B79EEBA}"
EndProject
Global
	GlobalSection(SolutionConfigurationPlatforms) = preSolution
		Debug|x64 = Debug|x64
		Debug|x86 = Debug|x86
		Release|x64 = Release|x64
		Release|x86 = Release|x86
	EndGlobalSection
	GlobalSection(ProjectConfigurationPlatforms) = postSolution
		{FDA51935-945F-4CF4-9E36-79C49B79EEBA}.Debug|x64.ActiveCfg = Debug|x64
		{FDA51935-945F-4CF4-9E36-79C49B79EEBA}.Debug|x64.Build.0 = Debug|x64
		{FDA51935-945F-4CF4-9E36-79C49B79EEBA}.Debug|x86.ActiveCfg = Debug|Win32
		{FDA51935-945F-4CF4-9E36-79C49B79EEBA}.Debug|x86.Build.0 = Debug|Win32
		{FDA51935-945F-4CF4-9E36-79C49B79EEBA}.Release|x64.ActiveCfg = Release|x64
		{FDA51935-945F-4CF4-9E36-79C49B79EEBA}.Release|x64.Build.0 = Release|x64
		{FDA51935-945F-4CF4-9E36-79C49B79EEBA}.Release|x86.ActiveCfg = Release|Win32
		{FDA51935-945F-4CF4-9E36-79C49B79EEBA}.Release|x86.Build.0 = Release|Win32
	EndGlobalSection
	GlobalSection(SolutionProperties) = preSolution
		HideSolutionNode = FALSE
	EndGlobalSection
	GlobalSection(ExtensibilityGlobals) = postSolution
		SolutionGuid = {AEACB861-4FDA-48C2-8603-402DBD9B4BAE}
	EndGlobalSection
EndGlobal
